
Microsoft Visual Studio Solution File, Format Version 12.00
# Visual Studio 15
VisualStudioVersion = 15.0.27130.2036
MinimumVisualStudioVersion = 10.0.40219.1
Project("{FAE04EC0-301F-11D3-BF4B-00C04F79EFBC}") = "PermissionsGranter", "PermissionsGranter\PermissionsGranter.csproj", "{4A2F82B8-1773-4F44-8010-9F6C5C7900E3}"
EndProject
Global
	GlobalSection(SolutionConfigurationPlatforms) = preSolution
		Debug|Any CPU = Debug|Any CPU
		Release|Any CPU = Release|Any CPU
	EndGlobalSection
	GlobalSection(ProjectConfigurationPlatforms) = postSolution
		{4A2F82B8-1773-4F44-8010-9F6C5C7900E3}.Debug|Any CPU.ActiveCfg = Debug|Any CPU
		{4A2F82B8-1773-4F44-8010-9F6C5C7900E3}.Debug|Any CPU.Build.0 = Debug|Any CPU
		{4A2F82B8-1773-4F44-8010-9F6C5C7900E3}.Release|Any CPU.ActiveCfg = Release|Any CPU
		{4A2F82B8-1773-4F44-8010-9F6C5C7900E3}.Release|Any CPU.Build.0 = Release|Any CPU
	EndGlobalSection
	GlobalSection(SolutionProperties) = preSolution
		HideSolutionNode = FALSE
	EndGlobalSection
	GlobalSection(ExtensibilityGlobals) = postSolution
		SolutionGuid = {FC4C5467-31D4-436A-998F-4557E0D24D36}
	EndGlobalSection
EndGlobal
